<?xml version="1.0" encoding="utf-8"?>
<Project ToolsVersion="4.0" xmlns="http://schemas.microsoft.com/developer/msbuild/2003">
  <ItemGroup>
    <Filter Include="源文件">
      <UniqueIdentifier>{4FC737F1-C7A5-4376-A066-2A32D752A2FF}</UniqueIdentifier>
      <Extensions>cpp;c;cc;cxx;c++;cppm;ixx;def;odl;idl;hpj;bat;asm;asmx</Extensions>
    </Filter>
    <Filter Include="头文件">
      <UniqueIdentifier>{93995380-89BD-4b04-88EB-625FBE52EBFB}</UniqueIdentifier>
      <Extensions>h;hh;hpp;hxx;h++;hm;inl;inc;ipp;xsd</Extensions>
    </Filter>
    <Filter Include="资源文件">
      <UniqueIdentifier>{67DA6AB6-F800-4c08-8B7A-83BB121AAD01}</UniqueIdentifier>
      <Extensions>rc;ico;cur;bmp;dlg;rc2;rct;bin;rgs;gif;jpg;jpeg;jpe;resx;tiff;tif;png;wav;mfcribbon-ms</Extensions>
    </Filter>
  </ItemGroup>
  <ItemGroup>
    <ClCompile Include="main.cpp">
      <Filter>源文件</Filter>
    </ClCompile>
    <ClCompile Include="pch.cpp">
      <Filter>源文件</Filter>
    </ClCompile>
    <ClCompile Include="yoga\algorithm\AbsoluteLayout.cpp">
      <Filter>源文件</Filter>
    </ClCompile>
    <ClCompile Include="yoga\algorithm\Baseline.cpp">
      <Filter>源文件</Filter>
    </ClCompile>
    <ClCompile Include="yoga\algorithm\Cache.cpp">
      <Filter>源文件</Filter>
    </ClCompile>
    <ClCompile Include="yoga\algorithm\CalculateLayout.cpp">
      <Filter>源文件</Filter>
    </ClCompile>
    <ClCompile Include="yoga\algorithm\FlexLine.cpp">
      <Filter>源文件</Filter>
    </ClCompile>
    <ClCompile Include="yoga\algorithm\PixelGrid.cpp">
      <Filter>源文件</Filter>
    </ClCompile>
    <ClCompile Include="yoga\config\Config.cpp">
      <Filter>源文件</Filter>
    </ClCompile>
    <ClCompile Include="yoga\debug\AssertFatal.cpp">
      <Filter>源文件</Filter>
    </ClCompile>
    <ClCompile Include="yoga\debug\Log.cpp">
      <Filter>源文件</Filter>
    </ClCompile>
    <ClCompile Include="yoga\event\event.cpp">
      <Filter>源文件</Filter>
    </ClCompile>
    <ClCompile Include="yoga\node\LayoutResults.cpp">
      <Filter>源文件</Filter>
    </ClCompile>
    <ClCompile Include="yoga\node\Node.cpp">
      <Filter>源文件</Filter>
    </ClCompile>
    <ClCompile Include="yoga\YGConfig.cpp">
      <Filter>源文件</Filter>
    </ClCompile>
    <ClCompile Include="yoga\YGEnums.cpp">
      <Filter>源文件</Filter>
    </ClCompile>
    <ClCompile Include="yoga\YGNode.cpp">
      <Filter>源文件</Filter>
    </ClCompile>
    <ClCompile Include="yoga\YGNodeLayout.cpp">
      <Filter>源文件</Filter>
    </ClCompile>
    <ClCompile Include="yoga\YGNodeStyle.cpp">
      <Filter>源文件</Filter>
    </ClCompile>
    <ClCompile Include="yoga\YGPixelGrid.cpp">
      <Filter>源文件</Filter>
    </ClCompile>
    <ClCompile Include="yoga\YGValue.cpp">
      <Filter>源文件</Filter>
    </ClCompile>
    <ClCompile Include="WindowBase.cpp">
      <Filter>源文件</Filter>
    </ClCompile>
    <ClCompile Include="Demo.cpp">
      <Filter>源文件</Filter>
    </ClCompile>
  </ItemGroup>
  <ItemGroup>
    <ClInclude Include="pch.h">
      <Filter>头文件</Filter>
    </ClInclude>
    <ClInclude Include="yoga\algorithm\AbsoluteLayout.h">
      <Filter>头文件</Filter>
    </ClInclude>
    <ClInclude Include="yoga\algorithm\Align.h">
      <Filter>头文件</Filter>
    </ClInclude>
    <ClInclude Include="yoga\algorithm\Baseline.h">
      <Filter>头文件</Filter>
    </ClInclude>
    <ClInclude Include="yoga\algorithm\BoundAxis.h">
      <Filter>头文件</Filter>
    </ClInclude>
    <ClInclude Include="yoga\algorithm\Cache.h">
      <Filter>头文件</Filter>
    </ClInclude>
    <ClInclude Include="yoga\algorithm\CalculateLayout.h">
      <Filter>头文件</Filter>
    </ClInclude>
    <ClInclude Include="yoga\algorithm\FlexDirection.h">
      <Filter>头文件</Filter>
    </ClInclude>
    <ClInclude Include="yoga\algorithm\FlexLine.h">
      <Filter>头文件</Filter>
    </ClInclude>
    <ClInclude Include="yoga\algorithm\PixelGrid.h">
      <Filter>头文件</Filter>
    </ClInclude>
    <ClInclude Include="yoga\algorithm\SizingMode.h">
      <Filter>头文件</Filter>
    </ClInclude>
    <ClInclude Include="yoga\algorithm\TrailingPosition.h">
      <Filter>头文件</Filter>
    </ClInclude>
    <ClInclude Include="yoga\config\Config.h">
      <Filter>头文件</Filter>
    </ClInclude>
    <ClInclude Include="yoga\debug\AssertFatal.h">
      <Filter>头文件</Filter>
    </ClInclude>
    <ClInclude Include="yoga\debug\Log.h">
      <Filter>头文件</Filter>
    </ClInclude>
    <ClInclude Include="yoga\enums\Align.h">
      <Filter>头文件</Filter>
    </ClInclude>
    <ClInclude Include="yoga\enums\BoxSizing.h">
      <Filter>头文件</Filter>
    </ClInclude>
    <ClInclude Include="yoga\enums\Dimension.h">
      <Filter>头文件</Filter>
    </ClInclude>
    <ClInclude Include="yoga\enums\Direction.h">
      <Filter>头文件</Filter>
    </ClInclude>
    <ClInclude Include="yoga\enums\Display.h">
      <Filter>头文件</Filter>
    </ClInclude>
    <ClInclude Include="yoga\enums\Edge.h">
      <Filter>头文件</Filter>
    </ClInclude>
    <ClInclude Include="yoga\enums\Errata.h">
      <Filter>头文件</Filter>
    </ClInclude>
    <ClInclude Include="yoga\enums\ExperimentalFeature.h">
      <Filter>头文件</Filter>
    </ClInclude>
    <ClInclude Include="yoga\enums\FlexDirection.h">
      <Filter>头文件</Filter>
    </ClInclude>
    <ClInclude Include="yoga\enums\GridTrackType.h">
      <Filter>头文件</Filter>
    </ClInclude>
    <ClInclude Include="yoga\enums\Gutter.h">
      <Filter>头文件</Filter>
    </ClInclude>
    <ClInclude Include="yoga\enums\Justify.h">
      <Filter>头文件</Filter>
    </ClInclude>
    <ClInclude Include="yoga\enums\LogLevel.h">
      <Filter>头文件</Filter>
    </ClInclude>
    <ClInclude Include="yoga\enums\MeasureMode.h">
      <Filter>头文件</Filter>
    </ClInclude>
    <ClInclude Include="yoga\enums\NodeType.h">
      <Filter>头文件</Filter>
    </ClInclude>
    <ClInclude Include="yoga\enums\Overflow.h">
      <Filter>头文件</Filter>
    </ClInclude>
    <ClInclude Include="yoga\enums\PhysicalEdge.h">
      <Filter>头文件</Filter>
    </ClInclude>
    <ClInclude Include="yoga\enums\PositionType.h">
      <Filter>头文件</Filter>
    </ClInclude>
    <ClInclude Include="yoga\enums\Unit.h">
      <Filter>头文件</Filter>
    </ClInclude>
    <ClInclude Include="yoga\enums\Wrap.h">
      <Filter>头文件</Filter>
    </ClInclude>
    <ClInclude Include="yoga\enums\YogaEnums.h">
      <Filter>头文件</Filter>
    </ClInclude>
    <ClInclude Include="yoga\event\event.h">
      <Filter>头文件</Filter>
    </ClInclude>
    <ClInclude Include="yoga\node\CachedMeasurement.h">
      <Filter>头文件</Filter>
    </ClInclude>
    <ClInclude Include="yoga\node\LayoutableChildren.h">
      <Filter>头文件</Filter>
    </ClInclude>
    <ClInclude Include="yoga\node\LayoutResults.h">
      <Filter>头文件</Filter>
    </ClInclude>
    <ClInclude Include="yoga\node\Node.h">
      <Filter>头文件</Filter>
    </ClInclude>
    <ClInclude Include="yoga\numeric\Comparison.h">
      <Filter>头文件</Filter>
    </ClInclude>
    <ClInclude Include="yoga\numeric\FloatOptional.h">
      <Filter>头文件</Filter>
    </ClInclude>
    <ClInclude Include="yoga\style\GridLine.h">
      <Filter>头文件</Filter>
    </ClInclude>
    <ClInclude Include="yoga\style\GridTrack.h">
      <Filter>头文件</Filter>
    </ClInclude>
    <ClInclude Include="yoga\style\SmallValueBuffer.h">
      <Filter>头文件</Filter>
    </ClInclude>
    <ClInclude Include="yoga\style\Style.h">
      <Filter>头文件</Filter>
    </ClInclude>
    <ClInclude Include="yoga\style\StyleLength.h">
      <Filter>头文件</Filter>
    </ClInclude>
    <ClInclude Include="yoga\style\StyleSizeLength.h">
      <Filter>头文件</Filter>
    </ClInclude>
    <ClInclude Include="yoga\style\StyleValueHandle.h">
      <Filter>头文件</Filter>
    </ClInclude>
    <ClInclude Include="yoga\style\StyleValuePool.h">
      <Filter>头文件</Filter>
    </ClInclude>
    <ClInclude Include="yoga\YGConfig.h">
      <Filter>头文件</Filter>
    </ClInclude>
    <ClInclude Include="yoga\YGEnums.h">
      <Filter>头文件</Filter>
    </ClInclude>
    <ClInclude Include="yoga\YGMacros.h">
      <Filter>头文件</Filter>
    </ClInclude>
    <ClInclude Include="yoga\YGNode.h">
      <Filter>头文件</Filter>
    </ClInclude>
    <ClInclude Include="yoga\YGNodeLayout.h">
      <Filter>头文件</Filter>
    </ClInclude>
    <ClInclude Include="yoga\YGNodeStyle.h">
      <Filter>头文件</Filter>
    </ClInclude>
    <ClInclude Include="yoga\YGPixelGrid.h">
      <Filter>头文件</Filter>
    </ClInclude>
    <ClInclude Include="yoga\YGValue.h">
      <Filter>头文件</Filter>
    </ClInclude>
    <ClInclude Include="yoga\Yoga.h">
      <Filter>头文件</Filter>
    </ClInclude>
    <ClInclude Include="WindowBase.h">
      <Filter>头文件</Filter>
    </ClInclude>
    <ClInclude Include="Demo.h">
      <Filter>头文件</Filter>
    </ClInclude>
  </ItemGroup>
</Project>