<?xml version="1.0" encoding="utf-8"?>
<Project ToolsVersion="4.0" xmlns="http://schemas.microsoft.com/developer/msbuild/2003">
  <ItemGroup>
    <Filter Include="源文件">
      <UniqueIdentifier>{4FC737F1-C7A5-4376-A066-2A32D752A2FF}</UniqueIdentifier>
      <Extensions>cpp;c;cc;cxx;c++;cppm;ixx;def;odl;idl;hpj;bat;asm;asmx</Extensions>
    </Filter>
    <Filter Include="头文件">
      <UniqueIdentifier>{93995380-89BD-4b04-88EB-625FBE52EBFB}</UniqueIdentifier>
      <Extensions>h;hh;hpp;hxx;h++;hm;inl;inc;ipp;xsd</Extensions>
    </Filter>
    <Filter Include="资源文件">
      <UniqueIdentifier>{67DA6AB6-F800-4c08-8B7A-83BB121AAD01}</UniqueIdentifier>
      <Extensions>rc;ico;cur;bmp;dlg;rc2;rct;bin;rgs;gif;jpg;jpeg;jpe;resx;tiff;tif;png;wav;mfcribbon-ms</Extensions>
    </Filter>
  </ItemGroup>
  <ItemGroup>
    <ClCompile Include="YGConfig.cpp">
      <Filter>源文件</Filter>
    </ClCompile>
    <ClCompile Include="YGEnums.cpp">
      <Filter>源文件</Filter>
    </ClCompile>
    <ClCompile Include="YGNode.cpp">
      <Filter>源文件</Filter>
    </ClCompile>
    <ClCompile Include="YGNodeLayout.cpp">
      <Filter>源文件</Filter>
    </ClCompile>
    <ClCompile Include="YGNodeStyle.cpp">
      <Filter>源文件</Filter>
    </ClCompile>
    <ClCompile Include="YGPixelGrid.cpp">
      <Filter>源文件</Filter>
    </ClCompile>
    <ClCompile Include="YGValue.cpp">
      <Filter>源文件</Filter>
    </ClCompile>
    <ClCompile Include="algorithm\AbsoluteLayout.cpp">
      <Filter>源文件</Filter>
    </ClCompile>
    <ClCompile Include="algorithm\Baseline.cpp">
      <Filter>源文件</Filter>
    </ClCompile>
    <ClCompile Include="algorithm\Cache.cpp">
      <Filter>源文件</Filter>
    </ClCompile>
    <ClCompile Include="algorithm\CalculateLayout.cpp">
      <Filter>源文件</Filter>
    </ClCompile>
    <ClCompile Include="algorithm\FlexLine.cpp">
      <Filter>源文件</Filter>
    </ClCompile>
    <ClCompile Include="algorithm\PixelGrid.cpp">
      <Filter>源文件</Filter>
    </ClCompile>
    <ClCompile Include="config\Config.cpp">
      <Filter>源文件</Filter>
    </ClCompile>
    <ClCompile Include="debug\AssertFatal.cpp">
      <Filter>源文件</Filter>
    </ClCompile>
    <ClCompile Include="debug\Log.cpp">
      <Filter>源文件</Filter>
    </ClCompile>
    <ClCompile Include="event\event.cpp">
      <Filter>源文件</Filter>
    </ClCompile>
    <ClCompile Include="node\LayoutResults.cpp">
      <Filter>源文件</Filter>
    </ClCompile>
    <ClCompile Include="node\Node.cpp">
      <Filter>源文件</Filter>
    </ClCompile>
  </ItemGroup>
  <ItemGroup>
    <ClInclude Include="Yoga.h">
      <Filter>头文件</Filter>
    </ClInclude>
    <ClInclude Include="YGConfig.h">
      <Filter>头文件</Filter>
    </ClInclude>
    <ClInclude Include="YGEnums.h">
      <Filter>头文件</Filter>
    </ClInclude>
    <ClInclude Include="YGMacros.h">
      <Filter>头文件</Filter>
    </ClInclude>
    <ClInclude Include="YGNode.h">
      <Filter>头文件</Filter>
    </ClInclude>
    <ClInclude Include="YGNodeLayout.h">
      <Filter>头文件</Filter>
    </ClInclude>
    <ClInclude Include="YGNodeStyle.h">
      <Filter>头文件</Filter>
    </ClInclude>
    <ClInclude Include="YGPixelGrid.h">
      <Filter>头文件</Filter>
    </ClInclude>
    <ClInclude Include="YGValue.h">
      <Filter>头文件</Filter>
    </ClInclude>
    <ClInclude Include="style\GridLine.h">
      <Filter>头文件</Filter>
    </ClInclude>
    <ClInclude Include="style\GridTrack.h">
      <Filter>头文件</Filter>
    </ClInclude>
    <ClInclude Include="style\SmallValueBuffer.h">
      <Filter>头文件</Filter>
    </ClInclude>
    <ClInclude Include="style\Style.h">
      <Filter>头文件</Filter>
    </ClInclude>
    <ClInclude Include="style\StyleLength.h">
      <Filter>头文件</Filter>
    </ClInclude>
    <ClInclude Include="style\StyleSizeLength.h">
      <Filter>头文件</Filter>
    </ClInclude>
    <ClInclude Include="style\StyleValueHandle.h">
      <Filter>头文件</Filter>
    </ClInclude>
    <ClInclude Include="style\StyleValuePool.h">
      <Filter>头文件</Filter>
    </ClInclude>
    <ClInclude Include="algorithm\AbsoluteLayout.h">
      <Filter>头文件</Filter>
    </ClInclude>
    <ClInclude Include="algorithm\Align.h">
      <Filter>头文件</Filter>
    </ClInclude>
    <ClInclude Include="algorithm\Baseline.h">
      <Filter>头文件</Filter>
    </ClInclude>
    <ClInclude Include="algorithm\BoundAxis.h">
      <Filter>头文件</Filter>
    </ClInclude>
    <ClInclude Include="algorithm\Cache.h">
      <Filter>头文件</Filter>
    </ClInclude>
    <ClInclude Include="algorithm\CalculateLayout.h">
      <Filter>头文件</Filter>
    </ClInclude>
    <ClInclude Include="algorithm\FlexDirection.h">
      <Filter>头文件</Filter>
    </ClInclude>
    <ClInclude Include="algorithm\FlexLine.h">
      <Filter>头文件</Filter>
    </ClInclude>
    <ClInclude Include="algorithm\PixelGrid.h">
      <Filter>头文件</Filter>
    </ClInclude>
    <ClInclude Include="algorithm\SizingMode.h">
      <Filter>头文件</Filter>
    </ClInclude>
    <ClInclude Include="algorithm\TrailingPosition.h">
      <Filter>头文件</Filter>
    </ClInclude>
    <ClInclude Include="config\Config.h">
      <Filter>头文件</Filter>
    </ClInclude>
    <ClInclude Include="debug\AssertFatal.h">
      <Filter>头文件</Filter>
    </ClInclude>
    <ClInclude Include="debug\Log.h">
      <Filter>头文件</Filter>
    </ClInclude>
    <ClInclude Include="enums\Align.h">
      <Filter>头文件</Filter>
    </ClInclude>
    <ClInclude Include="enums\BoxSizing.h">
      <Filter>头文件</Filter>
    </ClInclude>
    <ClInclude Include="enums\Dimension.h">
      <Filter>头文件</Filter>
    </ClInclude>
    <ClInclude Include="enums\Direction.h">
      <Filter>头文件</Filter>
    </ClInclude>
    <ClInclude Include="enums\Display.h">
      <Filter>头文件</Filter>
    </ClInclude>
    <ClInclude Include="enums\Edge.h">
      <Filter>头文件</Filter>
    </ClInclude>
    <ClInclude Include="enums\Errata.h">
      <Filter>头文件</Filter>
    </ClInclude>
    <ClInclude Include="enums\ExperimentalFeature.h">
      <Filter>头文件</Filter>
    </ClInclude>
    <ClInclude Include="enums\FlexDirection.h">
      <Filter>头文件</Filter>
    </ClInclude>
    <ClInclude Include="enums\GridTrackType.h">
      <Filter>头文件</Filter>
    </ClInclude>
    <ClInclude Include="enums\Gutter.h">
      <Filter>头文件</Filter>
    </ClInclude>
    <ClInclude Include="enums\Justify.h">
      <Filter>头文件</Filter>
    </ClInclude>
    <ClInclude Include="enums\LogLevel.h">
      <Filter>头文件</Filter>
    </ClInclude>
    <ClInclude Include="enums\MeasureMode.h">
      <Filter>头文件</Filter>
    </ClInclude>
    <ClInclude Include="enums\NodeType.h">
      <Filter>头文件</Filter>
    </ClInclude>
    <ClInclude Include="enums\Overflow.h">
      <Filter>头文件</Filter>
    </ClInclude>
    <ClInclude Include="enums\PhysicalEdge.h">
      <Filter>头文件</Filter>
    </ClInclude>
    <ClInclude Include="enums\PositionType.h">
      <Filter>头文件</Filter>
    </ClInclude>
    <ClInclude Include="enums\Unit.h">
      <Filter>头文件</Filter>
    </ClInclude>
    <ClInclude Include="enums\Wrap.h">
      <Filter>头文件</Filter>
    </ClInclude>
    <ClInclude Include="enums\YogaEnums.h">
      <Filter>头文件</Filter>
    </ClInclude>
    <ClInclude Include="event\event.h">
      <Filter>头文件</Filter>
    </ClInclude>
    <ClInclude Include="node\CachedMeasurement.h">
      <Filter>头文件</Filter>
    </ClInclude>
    <ClInclude Include="node\LayoutableChildren.h">
      <Filter>头文件</Filter>
    </ClInclude>
    <ClInclude Include="node\LayoutResults.h">
      <Filter>头文件</Filter>
    </ClInclude>
    <ClInclude Include="node\Node.h">
      <Filter>头文件</Filter>
    </ClInclude>
    <ClInclude Include="numeric\Comparison.h">
      <Filter>头文件</Filter>
    </ClInclude>
    <ClInclude Include="numeric\FloatOptional.h">
      <Filter>头文件</Filter>
    </ClInclude>
  </ItemGroup>
</Project>